{
  "nodes": {
    "comma": {
      "inputs": {
        "flake-compat": [
          "flake-compat"
        ],
        "naersk": "naersk",
        "nixpkgs": [
          "nixpkgs"
        ],
        "utils": [
          "flake-utils"
        ]
      },
      "locked": {
        "lastModified": 1725153223,
        "narHash": "sha256-PgO1TX4a5/K39pxwtiWgUnp5l3XEB7Qp/pnB7SqxTOw=",
        "owner": "Pandapip1",
        "repo": "comma",
        "rev": "25f513544d8330f0bd5ee7a55f1dbbfd1b627c7b",
        "type": "github"
      },
      "original": {
        "owner": "Pandapip1",
        "ref": "command-not-found-handle",
        "repo": "comma",
        "type": "github"
      }
    },
    "flake-compat": {
      "locked": {
        "lastModified": 1717312683,
        "narHash": "sha256-FrlieJH50AuvagamEvWMIE6D2OAnERuDboFDYAED/dE=",
        "owner": "nix-community",
        "repo": "flake-compat",
        "rev": "38fd3954cf65ce6faf3d0d45cd26059e059f07ea",
        "type": "github"
      },
      "original": {
        "owner": "nix-community",
        "repo": "flake-compat",
        "type": "github"
      }
    },
    "flake-utils": {
      "inputs": {
        "systems": "systems"
      },
      "locked": {
        "lastModified": 1726560853,
        "narHash": "sha256-X6rJYSESBVr3hBoH0WbKE5KvhPU5bloyZ2L4K60/fPQ=",
        "owner": "numtide",
        "repo": "flake-utils",
        "rev": "c1dfcf08411b08f6b8615f7d8971a2bfa81d5e8a",
        "type": "github"
      },
      "original": {
        "owner": "numtide",
        "repo": "flake-utils",
        "type": "github"
      }
    },
    "genix7000": {
      "inputs": {
        "nixpkgs": [
          "nixpkgs"
        ]
      },
      "locked": {
        "lastModified": 1724364245,
        "narHash": "sha256-yh7k9o6OrQD4S9FquFGbA+K0kkxtQrAg985wfJ5dns8=",
        "owner": "cab404",
        "repo": "genix7000",
        "rev": "6d7cccf18a72f13abda97ef675f25c40d415dc39",
        "type": "github"
      },
      "original": {
        "owner": "cab404",
        "repo": "genix7000",
        "type": "github"
      }
    },
    "getFlake": {
      "locked": {
        "lastModified": 1714237590,
        "narHash": "sha256-9gtHdGbzFHaR20xORN8IYd67ROWS+1nqQ5CsPf9MD8I=",
        "owner": "ursi",
        "repo": "get-flake",
        "rev": "a6c57417d1b857b8be53aba4095869a0f438c502",
        "type": "github"
      },
      "original": {
        "owner": "ursi",
        "repo": "get-flake",
        "type": "github"
      }
    },
    "home-manager": {
      "inputs": {
        "nixpkgs": [
          "nixpkgs"
        ]
      },
      "locked": {
        "lastModified": 1731235328,
        "narHash": "sha256-NjavpgE9/bMe/ABvZpyHIUeYF1mqR5lhaep3wB79ucs=",
        "owner": "nix-community",
        "repo": "home-manager",
        "rev": "60bb110917844d354f3c18e05450606a435d2d10",
        "type": "github"
      },
      "original": {
        "owner": "nix-community",
        "repo": "home-manager",
        "type": "github"
      }
    },
    "jovian": {
      "inputs": {
        "nix-github-actions": "nix-github-actions",
        "nixpkgs": [
          "nixpkgs"
        ]
      },
      "locked": {
        "lastModified": 1731227601,
        "narHash": "sha256-aGUQ6W/Oxd9xjH9RQbnUtC61sTK2fWlKr+J7kavT/RQ=",
        "owner": "Jovian-Experiments",
        "repo": "Jovian-NixOS",
        "rev": "7691d0ac1deb6ac7482c5a22fe1a14a34ca608b0",
        "type": "github"
      },
      "original": {
        "owner": "Jovian-Experiments",
        "repo": "Jovian-NixOS",
        "type": "github"
      }
    },
    "naersk": {
      "inputs": {
        "nixpkgs": [
          "comma",
          "nixpkgs"
        ]
      },
      "locked": {
        "lastModified": 1698420672,
        "narHash": "sha256-/TdeHMPRjjdJub7p7+w55vyABrsJlt5QkznPYy55vKA=",
        "owner": "nix-community",
        "repo": "naersk",
        "rev": "aeb58d5e8faead8980a807c840232697982d47b9",
        "type": "github"
      },
      "original": {
        "owner": "nix-community",
        "ref": "master",
        "repo": "naersk",
        "type": "github"
      }
    },
    "nix-github-actions": {
      "inputs": {
        "nixpkgs": [
          "jovian",
          "nixpkgs"
        ]
      },
      "locked": {
        "lastModified": 1729697500,
        "narHash": "sha256-VFTWrbzDlZyFHHb1AlKRiD/qqCJIripXKiCSFS8fAOY=",
        "owner": "zhaofengli",
        "repo": "nix-github-actions",
        "rev": "e418aeb728b6aa5ca8c5c71974e7159c2df1d8cf",
        "type": "github"
      },
      "original": {
        "owner": "zhaofengli",
        "ref": "matrix-name",
        "repo": "nix-github-actions",
        "type": "github"
      }
    },
    "nixos-cosmic": {
      "inputs": {
        "flake-compat": [
          "flake-compat"
        ],
        "nixpkgs": [
          "nixpkgs"
        ],
        "nixpkgs-stable": "nixpkgs-stable",
        "rust-overlay": "rust-overlay"
      },
      "locked": {
        "lastModified": 1731289077,
        "narHash": "sha256-8Waya6WKqgWkYqbr1zkuyd1vNKgQb/QxfHLSMzp/LqU=",
        "owner": "lilyinstarlight",
        "repo": "nixos-cosmic",
        "rev": "274f08b587d403940cd8d8da13a89ee094d3bc96",
        "type": "github"
      },
      "original": {
        "owner": "lilyinstarlight",
        "repo": "nixos-cosmic",
        "type": "github"
      }
    },
    "nixos-hardware": {
      "locked": {
        "lastModified": 1730919458,
        "narHash": "sha256-yMO0T0QJlmT/x4HEyvrCyigGrdYfIXX3e5gWqB64wLg=",
        "owner": "nixos",
        "repo": "nixos-hardware",
        "rev": "e1cc1f6483393634aee94514186d21a4871e78d7",
        "type": "github"
      },
      "original": {
        "owner": "nixos",
        "repo": "nixos-hardware",
        "type": "github"
      }
    },
    "nixpkgs": {
      "locked": {
        "lastModified": 1731265036,
        "narHash": "sha256-e5I+glVZwQvLT6WIeMFi0Mk+N/jkYauZ31ir2NRZcf8=",
        "owner": "nixos",
        "repo": "nixpkgs",
        "rev": "8aed22ecd71e5b67e5299efae8b9dc580dec711c",
        "type": "github"
      },
      "original": {
        "owner": "nixos",
        "ref": "nixos-unstable-small",
        "repo": "nixpkgs",
        "type": "github"
      }
    },
    "nixpkgs-stable": {
      "locked": {
        "lastModified": 1730963269,
        "narHash": "sha256-rz30HrFYCHiWEBCKHMffHbMdWJ35hEkcRVU0h7ms3x0=",
        "owner": "NixOS",
        "repo": "nixpkgs",
        "rev": "83fb6c028368e465cd19bb127b86f971a5e41ebc",
        "type": "github"
      },
      "original": {
        "owner": "NixOS",
        "ref": "nixos-24.05",
        "repo": "nixpkgs",
        "type": "github"
      }
    },
    "root": {
      "inputs": {
        "comma": "comma",
        "flake-compat": "flake-compat",
        "flake-utils": "flake-utils",
        "genix7000": "genix7000",
        "getFlake": "getFlake",
        "home-manager": "home-manager",
        "jovian": "jovian",
        "nixos-cosmic": "nixos-cosmic",
        "nixos-hardware": "nixos-hardware",
        "nixpkgs": "nixpkgs"
      }
    },
    "rust-overlay": {
      "inputs": {
        "nixpkgs": [
          "nixos-cosmic",
          "nixpkgs"
        ]
      },
      "locked": {
        "lastModified": 1731119076,
        "narHash": "sha256-2eVhmocCZHJlFAz6Mt3EwPdFFVAtGgIySJc1EHQVxcc=",
        "owner": "oxalica",
        "repo": "rust-overlay",
        "rev": "23c4b3ba5f806fcf25d5a3b6b54fa0d07854c032",
        "type": "github"
      },
      "original": {
        "owner": "oxalica",
        "repo": "rust-overlay",
        "type": "github"
      }
    },
    "systems": {
      "locked": {
        "lastModified": 1681028828,
        "narHash": "sha256-Vy1rq5AaRuLzOxct8nz4T6wlgyUR7zLU309k9mBC768=",
        "owner": "nix-systems",
        "repo": "default",
        "rev": "da67096a3b9bf56a91d16901293e51ba5b49a27e",
        "type": "github"
      },
      "original": {
        "owner": "nix-systems",
        "repo": "default",
        "type": "github"
      }
    }
  },
  "root": "root",
  "version": 7
}
